
Microsoft Visual Studio Solution File, Format Version 12.00
Project("{FAE04EC0-301F-11D3-BF4B-00C04F79EFBC}") = "JazzMock", "JazzMock\JazzMock.csproj", "{B1415831-29FD-4B60-BC30-1DCDFD00FDFA}"
EndProject
Project("{FAE04EC0-301F-11D3-BF4B-00C04F79EFBC}") = "tfNET_sandbox", "tfNET_sandbox\tfNET_sandbox.csproj", "{DE6D2A6A-A5DF-423A-86A1-1FB26DE095DC}"
EndProject
Global
	GlobalSection(SolutionConfigurationPlatforms) = preSolution
		Debug|Any CPU = Debug|Any CPU
		Release|Any CPU = Release|Any CPU
	EndGlobalSection
	GlobalSection(ProjectConfigurationPlatforms) = postSolution
		{B1415831-29FD-4B60-BC30-1DCDFD00FDFA}.Debug|Any CPU.ActiveCfg = Debug|Any CPU
		{B1415831-29FD-4B60-BC30-1DCDFD00FDFA}.Debug|Any CPU.Build.0 = Debug|Any CPU
		{B1415831-29FD-4B60-BC30-1DCDFD00FDFA}.Release|Any CPU.ActiveCfg = Release|Any CPU
		{B1415831-29FD-4B60-BC30-1DCDFD00FDFA}.Release|Any CPU.Build.0 = Release|Any CPU
		{DE6D2A6A-A5DF-423A-86A1-1FB26DE095DC}.Debug|Any CPU.ActiveCfg = Debug|Any CPU
		{DE6D2A6A-A5DF-423A-86A1-1FB26DE095DC}.Debug|Any CPU.Build.0 = Debug|Any CPU
		{DE6D2A6A-A5DF-423A-86A1-1FB26DE095DC}.Release|Any CPU.ActiveCfg = Release|Any CPU
		{DE6D2A6A-A5DF-423A-86A1-1FB26DE095DC}.Release|Any CPU.Build.0 = Release|Any CPU
	EndGlobalSection
EndGlobal
